<?xml version="1.0" encoding="UTF-8"?>
<Scheme
   LastUpgradeVersion = "0630"
   version = "1.3">
   <BuildAction
      parallelizeBuildables = "YES"
      buildImplicitDependencies = "YES">
      <BuildActionEntries>
         <BuildActionEntry
            buildForTesting = "YES"
            buildForRunning = "YES"
            buildForProfiling = "YES"
            buildForArchiving = "YES"
            buildForAnalyzing = "YES">
            <BuildableReference
               BuildableIdentifier = "primary"
               BlueprintIdentifier = "37242A2F1ADE15E30088BA18"
               BuildableName = "To Do List WatchKit App.app"
               BlueprintName = "To Do List WatchKit App"
               ReferencedContainer = "container:To Do List.xcodeproj">
            </BuildableReference>
         </BuildActionEntry>
         <BuildActionEntry
            buildForTesting = "YES"
            buildForRunning = "YES"
            buildForProfiling = "YES"
            buildForArchiving = "YES"
            buildForAnalyzing = "YES">
            <BuildableReference
               BuildableIdentifier = "primary"
               BlueprintIdentifier = "37242A221ADE15E30088BA18"
               BuildableName = "To Do List WatchKit Extension.appex"
               BlueprintName = "To Do List WatchKit Extension"
               ReferencedContainer = "container:To Do List.xcodeproj">
            </BuildableReference>
         </BuildActionEntry>
         <BuildActionEntry
            buildForTesting = "YES"
            buildForRunning = "YES"
            buildForProfiling = "YES"
            buildForArchiving = "YES"
            buildForAnalyzing = "YES">
            <BuildableReference
               BuildableIdentifier = "primary"
               BlueprintIdentifier = "C87EC92D1A691C9D00653082"
               BuildableName = "To Do List.app"
               BlueprintName = "To Do List"
               ReferencedContainer = "container:To Do List.xcodeproj">
            </BuildableReference>
         </BuildActionEntry>
      </BuildActionEntries>
   </BuildAction>
   <TestAction
      selectedDebuggerIdentifier = "Xcode.DebuggerFoundation.Debugger.LLDB"
      selectedLauncherIdentifier = "Xcode.DebuggerFoundation.Launcher.LLDB"
      shouldUseLaunchSchemeArgsEnv = "YES"
      buildConfiguration = "Debug">
      <Testables>
      </Testables>
      <MacroExpansion>
         <BuildableReference
            BuildableIdentifier = "primary"
            BlueprintIdentifier = "37242A2F1ADE15E30088BA18"
            BuildableName = "To Do List WatchKit App.app"
            BlueprintName = "To Do List WatchKit App"
            ReferencedContainer = "container:To Do List.xcodeproj">
         </BuildableReference>
      </MacroExpansion>
   </TestAction>
   <LaunchAction
      selectedDebuggerIdentifier = "Xcode.DebuggerFoundation.Debugger.LLDB"
      selectedLauncherIdentifier = "Xcode.DebuggerFoundation.Launcher.LLDB"
      launchStyle = "0"
      useCustomWorkingDirectory = "NO"
      buildConfiguration = "Debug"
      ignoresPersistentStateOnLaunch = "NO"
      debugDocumentVersioning = "YES"
      allowLocationSimulation = "YES">
      <RemoteRunnable
         runnableDebuggingMode = "2"
         BundleIdentifier = "com.apple.springboard"
         RemotePath = "/To Do List">
         <BuildableReference
            BuildableIdentifier = "primary"
            BlueprintIdentifier = "37242A2F1ADE15E30088BA18"
            BuildableName = "To Do List WatchKit App.app"
            BlueprintName = "To Do List WatchKit App"
            ReferencedContainer = "container:To Do List.xcodeproj">
         </BuildableReference>
      </RemoteRunnable>
      <MacroExpansion>
         <BuildableReference
            BuildableIdentifier = "primary"
            BlueprintIdentifier = "37242A2F1ADE15E30088BA18"
            BuildableName = "To Do List WatchKit App.app"
            BlueprintName = "To Do List WatchKit App"
            ReferencedContainer = "container:To Do List.xcodeproj">
         </BuildableReference>
      </MacroExpansion>
      <AdditionalOptions>
      </AdditionalOptions>
   </LaunchAction>
   <ProfileAction
      shouldUseLaunchSchemeArgsEnv = "YES"
      savedToolIdentifier = ""
      useCustomWorkingDirectory = "NO"
      buildConfiguration = "Release"
      debugDocumentVersioning = "YES">
      <RemoteRunnable
         runnableDebuggingMode = "2"
         BundleIdentifier = "com.apple.springboard"
         RemotePath = "/To Do List">
         <BuildableReference
            BuildableIdentifier = "primary"
            BlueprintIdentifier = "37242A2F1ADE15E30088BA18"
            BuildableName = "To Do List WatchKit App.app"
            BlueprintName = "To Do List WatchKit App"
            ReferencedContainer = "container:To Do List.xcodeproj">
         </BuildableReference>
      </RemoteRunnable>
      <MacroExpansion>
         <BuildableReference
            BuildableIdentifier = "primary"
            BlueprintIdentifier = "37242A2F1ADE15E30088BA18"
            BuildableName = "To Do List WatchKit App.app"
            BlueprintName = "To Do List WatchKit App"
            ReferencedContainer = "container:To Do List.xcodeproj">
         </BuildableReference>
      </MacroExpansion>
   </ProfileAction>
   <AnalyzeAction
      buildConfiguration = "Debug">
   </AnalyzeAction>
   <ArchiveAction
      buildConfiguration = "Release"
      revealArchiveInOrganizer = "YES">
   </ArchiveAction>
</Scheme>
